
Microsoft Visual Studio Solution File, Format Version 12.00
# Visual Studio Version 17
VisualStudioVersion = 17.9.34728.123
MinimumVisualStudioVersion = 10.0.40219.1
Project("{FAE04EC0-301F-11D3-BF4B-00C04F79EFBC}") = "Singleton", "Singleton\Singleton.csproj", "{EBA9E094-50E3-41C3-A74E-B5C1A3411703}"
EndProject
Global
	GlobalSection(SolutionConfigurationPlatforms) = preSolution
		Debug|Any CPU = Debug|Any CPU
		Release|Any CPU = Release|Any CPU
	EndGlobalSection
	GlobalSection(ProjectConfigurationPlatforms) = postSolution
		{EBA9E094-50E3-41C3-A74E-B5C1A3411703}.Debug|Any CPU.ActiveCfg = Debug|Any CPU
		{EBA9E094-50E3-41C3-A74E-B5C1A3411703}.Debug|Any CPU.Build.0 = Debug|Any CPU
		{EBA9E094-50E3-41C3-A74E-B5C1A3411703}.Release|Any CPU.ActiveCfg = Release|Any CPU
		{EBA9E094-50E3-41C3-A74E-B5C1A3411703}.Release|Any CPU.Build.0 = Release|Any CPU
	EndGlobalSection
	GlobalSection(SolutionProperties) = preSolution
		HideSolutionNode = FALSE
	EndGlobalSection
	GlobalSection(ExtensibilityGlobals) = postSolution
		SolutionGuid = {F97DD515-26F6-4D7E-B79D-192563A81344}
	EndGlobalSection
EndGlobal
